
Microsoft Visual Studio Solution File, Format Version 12.00
# Visual Studio 2015
Project("{FAE04EC0-301F-11D3-BF4B-00C04F79EFBC}") = "Temperature.Plugins", "Temperature.Plugins.csproj", "{88AA1488-E5D4-5217-C83C-B8E3CEEE1347}"
EndProject
Project("{FAE04EC0-301F-11D3-BF4B-00C04F79EFBC}") = "Temperature", "Temperature.csproj", "{74CEE72F-EB8F-521C-709C-770AA7275690}"
EndProject
Project("{FAE04EC0-301F-11D3-BF4B-00C04F79EFBC}") = "Temperature.Editor.Plugins", "Temperature.Editor.Plugins.csproj", "{EF0C1247-C09C-0869-DACE-503E4CBBC1CA}"
EndProject
Global
	GlobalSection(SolutionConfigurationPlatforms) = preSolution
		Debug|Any CPU = Debug|Any CPU
		Release|Any CPU = Release|Any CPU
	EndGlobalSection
	GlobalSection(ProjectConfigurationPlatforms) = postSolution
		{88AA1488-E5D4-5217-C83C-B8E3CEEE1347}.Debug|Any CPU.ActiveCfg = Debug|Any CPU
		{88AA1488-E5D4-5217-C83C-B8E3CEEE1347}.Debug|Any CPU.Build.0 = Debug|Any CPU
		{88AA1488-E5D4-5217-C83C-B8E3CEEE1347}.Release|Any CPU.ActiveCfg = Release|Any CPU
		{88AA1488-E5D4-5217-C83C-B8E3CEEE1347}.Release|Any CPU.Build.0 = Release|Any CPU
		{74CEE72F-EB8F-521C-709C-770AA7275690}.Debug|Any CPU.ActiveCfg = Debug|Any CPU
		{74CEE72F-EB8F-521C-709C-770AA7275690}.Debug|Any CPU.Build.0 = Debug|Any CPU
		{74CEE72F-EB8F-521C-709C-770AA7275690}.Release|Any CPU.ActiveCfg = Release|Any CPU
		{74CEE72F-EB8F-521C-709C-770AA7275690}.Release|Any CPU.Build.0 = Release|Any CPU
		{EF0C1247-C09C-0869-DACE-503E4CBBC1CA}.Debug|Any CPU.ActiveCfg = Debug|Any CPU
		{EF0C1247-C09C-0869-DACE-503E4CBBC1CA}.Debug|Any CPU.Build.0 = Debug|Any CPU
		{EF0C1247-C09C-0869-DACE-503E4CBBC1CA}.Release|Any CPU.ActiveCfg = Release|Any CPU
		{EF0C1247-C09C-0869-DACE-503E4CBBC1CA}.Release|Any CPU.Build.0 = Release|Any CPU
	EndGlobalSection
	GlobalSection(SolutionProperties) = preSolution
		HideSolutionNode = FALSE
	EndGlobalSection
EndGlobal
